# Generated by pub
# See http://pub.dartlang.org/doc/glossary.html#lockfile
packages:
  browser:
    description: browser
    source: hosted
    version: "0.10.0+2"
  js:
    description: js
    source: hosted
    version: "0.6.0"
  matcher:
    description: matcher
    source: hosted
    version: "0.12.0+1"
  quiver:
    description: quiver
    source: hosted
    version: "0.21.4"
  react:
    description:
      ref: ff42e44ed4080b6bb2c5c2f9b3714f9b77699ebd
      resolved-ref: ff42e44ed4080b6bb2c5c2f9b3714f9b77699ebd
      url: "git@github.com:greglittlefield-wf/react-dart.git"
    source: git
    version: "0.8.4"
